
Microsoft Visual Studio Solution File, Format Version 12.00
# Visual Studio Version 17
VisualStudioVersion = 17.2.32630.192
MinimumVisualStudioVersion = 10.0.40219.1
Project("{FAE04EC0-301F-11D3-BF4B-00C04F79EFBC}") = "EsemkaLaundry", "EsemkaLaundry\EsemkaLaundry.csproj", "{97298DFB-3712-43F5-861C-37187F41496D}"
EndProject
Global
	GlobalSection(SolutionConfigurationPlatforms) = preSolution
		Debug|Any CPU = Debug|Any CPU
		Release|Any CPU = Release|Any CPU
	EndGlobalSection
	GlobalSection(ProjectConfigurationPlatforms) = postSolution
		{97298DFB-3712-43F5-861C-37187F41496D}.Debug|Any CPU.ActiveCfg = Debug|Any CPU
		{97298DFB-3712-43F5-861C-37187F41496D}.Debug|Any CPU.Build.0 = Debug|Any CPU
		{97298DFB-3712-43F5-861C-37187F41496D}.Release|Any CPU.ActiveCfg = Release|Any CPU
		{97298DFB-3712-43F5-861C-37187F41496D}.Release|Any CPU.Build.0 = Release|Any CPU
	EndGlobalSection
	GlobalSection(SolutionProperties) = preSolution
		HideSolutionNode = FALSE
	EndGlobalSection
	GlobalSection(ExtensibilityGlobals) = postSolution
		SolutionGuid = {DD1B9540-0A0D-4747-BD82-7F1B9DFF049D}
	EndGlobalSection
EndGlobal
